
Microsoft Visual Studio Solution File, Format Version 12.00
Project("{FAE04EC0-301F-11D3-BF4B-00C04F79EFBC}") = "PlanningPoker.Client", "PlanningPoker.Client\PlanningPoker.Client.csproj", "{E4A74989-F6EC-46A6-BEAD-AC7978246BAC}"
EndProject
Global
	GlobalSection(SolutionConfigurationPlatforms) = preSolution
		Debug|Any CPU = Debug|Any CPU
		Release|Any CPU = Release|Any CPU
	EndGlobalSection
	GlobalSection(ProjectConfigurationPlatforms) = postSolution
		{E4A74989-F6EC-46A6-BEAD-AC7978246BAC}.Debug|Any CPU.ActiveCfg = Debug|Any CPU
		{E4A74989-F6EC-46A6-BEAD-AC7978246BAC}.Debug|Any CPU.Build.0 = Debug|Any CPU
		{E4A74989-F6EC-46A6-BEAD-AC7978246BAC}.Release|Any CPU.ActiveCfg = Release|Any CPU
		{E4A74989-F6EC-46A6-BEAD-AC7978246BAC}.Release|Any CPU.Build.0 = Release|Any CPU
	EndGlobalSection
EndGlobal
